
Microsoft Visual Studio Solution File, Format Version 12.00
# Visual Studio 15
Project("{FAE04EC0-301F-11D3-BF4B-00C04F79EFBC}") = "PersonalBlog.Web", "PersonalBlog.Web\PersonalBlog.Web.csproj", "{7FA4D6AA-6B4E-4E77-A437-46A333AC84B4}"
EndProject
Project("{FAE04EC0-301F-11D3-BF4B-00C04F79EFBC}") = "PersonalBlog.Database", "PersonalBlog.Database\PersonalBlog.Database.csproj", "{53B350CB-AF57-448E-B153-59A27A2B136B}"
EndProject
Project("{FAE04EC0-301F-11D3-BF4B-00C04F79EFBC}") = "PersonalBlog.Core", "PersonalBlog.Core\PersonalBlog.Core.csproj", "{24D322C6-C85C-4A07-9AB0-05557DC356CD}"
EndProject
Project("{FAE04EC0-301F-11D3-BF4B-00C04F79EFBC}") = "PersonalBlog.NewWeb", "PersonalBlog.NewWeb\PersonalBlog.NewWeb.csproj", "{F7FB1799-477D-42EF-A2F6-DF5260714B10}"
EndProject
Global
	GlobalSection(SolutionConfigurationPlatforms) = preSolution
		Debug|Any CPU = Debug|Any CPU
		Release|Any CPU = Release|Any CPU
	EndGlobalSection
	GlobalSection(ProjectConfigurationPlatforms) = postSolution
		{7FA4D6AA-6B4E-4E77-A437-46A333AC84B4}.Debug|Any CPU.ActiveCfg = Debug|Any CPU
		{7FA4D6AA-6B4E-4E77-A437-46A333AC84B4}.Debug|Any CPU.Build.0 = Debug|Any CPU
		{7FA4D6AA-6B4E-4E77-A437-46A333AC84B4}.Release|Any CPU.ActiveCfg = Release|Any CPU
		{7FA4D6AA-6B4E-4E77-A437-46A333AC84B4}.Release|Any CPU.Build.0 = Release|Any CPU
		{53B350CB-AF57-448E-B153-59A27A2B136B}.Debug|Any CPU.ActiveCfg = Debug|Any CPU
		{53B350CB-AF57-448E-B153-59A27A2B136B}.Debug|Any CPU.Build.0 = Debug|Any CPU
		{53B350CB-AF57-448E-B153-59A27A2B136B}.Release|Any CPU.ActiveCfg = Release|Any CPU
		{53B350CB-AF57-448E-B153-59A27A2B136B}.Release|Any CPU.Build.0 = Release|Any CPU
		{24D322C6-C85C-4A07-9AB0-05557DC356CD}.Debug|Any CPU.ActiveCfg = Debug|Any CPU
		{24D322C6-C85C-4A07-9AB0-05557DC356CD}.Debug|Any CPU.Build.0 = Debug|Any CPU
		{24D322C6-C85C-4A07-9AB0-05557DC356CD}.Release|Any CPU.ActiveCfg = Release|Any CPU
		{24D322C6-C85C-4A07-9AB0-05557DC356CD}.Release|Any CPU.Build.0 = Release|Any CPU
		{F7FB1799-477D-42EF-A2F6-DF5260714B10}.Debug|Any CPU.ActiveCfg = Debug|Any CPU
		{F7FB1799-477D-42EF-A2F6-DF5260714B10}.Debug|Any CPU.Build.0 = Debug|Any CPU
		{F7FB1799-477D-42EF-A2F6-DF5260714B10}.Release|Any CPU.ActiveCfg = Release|Any CPU
		{F7FB1799-477D-42EF-A2F6-DF5260714B10}.Release|Any CPU.Build.0 = Release|Any CPU
	EndGlobalSection
EndGlobal
